// !$*UTF8*$!
{
	archiveVersion = 1;
	classes = {
	};
	objectVersion = 77;
	objects = {

/* Begin PBXBuildFile section */
		2A6031A42D517812001E22A9 /* SwiftSoup in Frameworks */ = {isa = PBXBuildFile; productRef = 2A6031A32D517812001E22A9 /* SwiftSoup */; };
		2A8EA9B62D515B90003DC358 /* MLXLLM in Frameworks */ = {isa = PBXBuildFile; productRef = 2A8EA9B52D515B90003DC358 /* MLXLLM */; };
		2A8EA9B82D515B90003DC358 /* MLXLMCommon in Frameworks */ = {isa = PBXBuildFile; productRef = 2A8EA9B72D515B90003DC358 /* MLXLMCommon */; };
		2A8EA9BA2D515B90003DC358 /* MLXMNIST in Frameworks */ = {isa = PBXBuildFile; productRef = 2A8EA9B92D515B90003DC358 /* MLXMNIST */; };
		2A8EA9BC2D515B90003DC358 /* MLXVLM in Frameworks */ = {isa = PBXBuildFile; productRef = 2A8EA9BB2D515B90003DC358 /* MLXVLM */; };
		2A8EA9BE2D515B90003DC358 /* StableDiffusion in Frameworks */ = {isa = PBXBuildFile; productRef = 2A8EA9BD2D515B90003DC358 /* StableDiffusion */; settings = {ATTRIBUTES = (Weak, ); }; };
		2A8EA9C12D515B9F003DC358 /* MLX in Frameworks */ = {isa = PBXBuildFile; productRef = 2A8EA9C02D515B9F003DC358 /* MLX */; };
		2A8EA9C32D515B9F003DC358 /* MLXFFT in Frameworks */ = {isa = PBXBuildFile; productRef = 2A8EA9C22D515B9F003DC358 /* MLXFFT */; };
		2A8EA9C52D515B9F003DC358 /* MLXFast in Frameworks */ = {isa = PBXBuildFile; productRef = 2A8EA9C42D515B9F003DC358 /* MLXFast */; };
		2A8EA9C72D515B9F003DC358 /* MLXLinalg in Frameworks */ = {isa = PBXBuildFile; productRef = 2A8EA9C62D515B9F003DC358 /* MLXLinalg */; };
		2A8EA9C92D515B9F003DC358 /* MLXNN in Frameworks */ = {isa = PBXBuildFile; productRef = 2A8EA9C82D515B9F003DC358 /* MLXNN */; };
		2A8EA9CC2D515BAF003DC358 /* MarkdownUI in Frameworks */ = {isa = PBXBuildFile; productRef = 2A8EA9CB2D515BAF003DC358 /* MarkdownUI */; };
		A70775532FD7FA72004824B3 /* ForceSimulation in Frameworks */ = {isa = PBXBuildFile; productRef = A70775522FD7FA72004824B3 /* ForceSimulation */; };
		A70775552FD7FA72004824B3 /* Grape in Frameworks */ = {isa = PBXBuildFile; productRef = A70775542FD7FA72004824B3 /* Grape */; };
		A790CBDA2F8ED8DF000F1E4A /* Ollama in Frameworks */ = {isa = PBXBuildFile; productRef = A790CBD92F8ED8DF000F1E4A /* Ollama */; };
		DECAFB10000000000000B501 /* seekdb_sidecar.py in Resources */ = {isa = PBXBuildFile; fileRef = D291438BC16BA1C93628A10C /* seekdb_sidecar.py */; };
/* End PBXBuildFile section */

/* Begin PBXFileReference section */
		00286BE6BA83A0DD4CB1A7C7 /* 49e88f37-4218-417c-8102-f47844b2aaa9.json */ = {isa = PBXFileReference; explicitFileType = text.json; name = "49e88f37-4218-417c-8102-f47844b2aaa9.json"; path = ".claude/data/sessions/49e88f37-4218-417c-8102-f47844b2aaa9.json"; sourceTree = SOURCE_ROOT; };
		0F3E69E67027B5CB5CC3167D /* today-2026-06-07.done.md */ = {isa = PBXFileReference; explicitFileType = net.daringfireball.markdown; lastKnownFileType = net.daringfireball.markdown; name = "today-2026-06-07.done.md"; path = ".remember/today-2026-06-07.done.md"; sourceTree = SOURCE_ROOT; };
		107051906A818A8BF0DE1FD9 /* post_tool_use.json */ = {isa = PBXFileReference; explicitFileType = text.json; lastKnownFileType = text.json; name = post_tool_use.json; path = "logs/6ebd926c-1962-474f-ba72-c5750a5f4e6d/post_tool_use.json"; sourceTree = SOURCE_ROOT; };
		11E98B82C62FD6EAF0DDC8F0 /* LogStoreManifest.plist */ = {isa = PBXFileReference; explicitFileType = text.plist; lastKnownFileType = text.plist; name = LogStoreManifest.plist; path = build/dd/Logs/Build/LogStoreManifest.plist; sourceTree = SOURCE_ROOT; };
		1555084B3F52C3516202E305 /* pre_tool_use.json */ = {isa = PBXFileReference; explicitFileType = text.json; lastKnownFileType = text.json; name = pre_tool_use.json; path = "logs/6ebd926c-1962-474f-ba72-c5750a5f4e6d/pre_tool_use.json"; sourceTree = SOURCE_ROOT; };
		1D764313E164DCB57F977E30 /* Info.plist */ = {isa = PBXFileReference; explicitFileType = text.plist; name = Info.plist; path = "Swift Deep Research.app/Contents/Info.plist"; sourceTree = SOURCE_ROOT; };
		1DD38B8EF16C34AF8EC5CB8C /* feature_list.json */ = {isa = PBXFileReference; explicitFileType = text.json; path = feature_list.json; sourceTree = SOURCE_ROOT; };
		1ED10A258B8DC1AD32B829F7 /* LogStoreManifest.plist */ = {isa = PBXFileReference; explicitFileType = text.plist; lastKnownFileType = text.plist; name = LogStoreManifest.plist; path = build/dd/Logs/Launch/LogStoreManifest.plist; sourceTree = SOURCE_ROOT; };
		1F27B6978244BDCDDF657620 /* now.md */ = {isa = PBXFileReference; explicitFileType = net.daringfireball.markdown; name = now.md; path = .remember/now.md; sourceTree = SOURCE_ROOT; };
		20D171E3CB983FD4BCCFD53C /* pre_tool_use.json */ = {isa = PBXFileReference; explicitFileType = text.json; name = pre_tool_use.json; path = "Swift Deep Research.app/Contents/Resources/pre_tool_use.json"; sourceTree = SOURCE_ROOT; };
		24027781C1DA419ADC55D562 /* README_zh.md */ = {isa = PBXFileReference; explicitFileType = net.daringfireball.markdown; path = README_zh.md; sourceTree = SOURCE_ROOT; };
		2A89B85D2D514ACF00EB12F9 /* Swift Deep Research.app */ = {isa = PBXFileReference; explicitFileType = wrapper.application; includeInIndex = 0; path = "Swift Deep Research.app"; sourceTree = BUILT_PRODUCTS_DIR; };
		2D92FF74D6A6A5AA11C28F26 /* post_tool_use.json */ = {isa = PBXFileReference; explicitFileType = text.json; name = post_tool_use.json; path = "Swift Deep Research.app/Contents/Resources/post_tool_use.json"; sourceTree = SOURCE_ROOT; };
		35DC20AAD76193E783A57D47 /* manifest.json */ = {isa = PBXFileReference; explicitFileType = text.json; name = manifest.json; path = build/XCBuildData/eddd5ebc78e95320da9489cfcf0d6c8a.xcbuilddata/manifest.json; sourceTree = SOURCE_ROOT; };
		3CA705806D4E6AB42F98DF97 /* LogStoreManifest.plist */ = {isa = PBXFileReference; explicitFileType = text.plist; lastKnownFileType = text.plist; name = LogStoreManifest.plist; path = build/dd/Logs/Test/LogStoreManifest.plist; sourceTree = SOURCE_ROOT; };
		3D483DABB0CFD842A1ECA801 /* gpt2_tokenizer_config.json */ = {isa = PBXFileReference; explicitFileType = text.json; name = gpt2_tokenizer_config.json; path = "Swift Deep Research.app/Contents/Resources/swift-transformers_Hub.bundle/Contents/Resources/gpt2_tokenizer_config.json"; sourceTree = SOURCE_ROOT; };
		4744CCC99A7F675144DEEF70 /* PLANS.md */ = {isa = PBXFileReference; explicitFileType = net.daringfireball.markdown; path = PLANS.md; sourceTree = SOURCE_ROOT; };
		66BBA5F9BF9CB0DAE650B50C /* build-request.json */ = {isa = PBXFileReference; explicitFileType = text.json; name = "build-request.json"; path = "build/XCBuildData/eddd5ebc78e95320da9489cfcf0d6c8a.xcbuilddata/build-request.json"; sourceTree = SOURCE_ROOT; };
		682EE24CC97960A9D5A4F91F /* today-2026-06-09.md */ = {isa = PBXFileReference; explicitFileType = net.daringfireball.markdown; lastKnownFileType = net.daringfireball.markdown; name = "today-2026-06-09.md"; path = ".remember/today-2026-06-09.md"; sourceTree = SOURCE_ROOT; };
		6EEC1C6516603B8356F5B3FF /* target-graph.txt */ = {isa = PBXFileReference; explicitFileType = text; name = "target-graph.txt"; path = "build/XCBuildData/eddd5ebc78e95320da9489cfcf0d6c8a.xcbuilddata/target-graph.txt"; sourceTree = SOURCE_ROOT; };
		70762D8E201AD9B12C0F68F5 /* user_prompt_submit.json */ = {isa = PBXFileReference; explicitFileType = text.json; name = user_prompt_submit.json; path = logs/user_prompt_submit.json; sourceTree = SOURCE_ROOT; };
		72A825053F245F755A535F9C /* archive.md */ = {isa = PBXFileReference; explicitFileType = net.daringfireball.markdown; name = archive.md; path = .remember/archive.md; sourceTree = SOURCE_ROOT; };
		747A49591310721DF1A907D8 /* last-save.json */ = {isa = PBXFileReference; explicitFileType = text.json; name = "last-save.json"; path = ".remember/tmp/last-save.json"; sourceTree = SOURCE_ROOT; };
		7AD71C1A02303611B29199D8 /* Info.plist */ = {isa = PBXFileReference; explicitFileType = text.plist; name = Info.plist; path = "Swift Deep Research.app/Contents/Resources/mlx-swift_Cmlx.bundle/Contents/Info.plist"; sourceTree = SOURCE_ROOT; };
		7CE3279B714C996592325A9B /* pre_compact.json */ = {isa = PBXFileReference; explicitFileType = text.json; name = pre_compact.json; path = logs/pre_compact.json; sourceTree = SOURCE_ROOT; };
		7D1A2AF42442BA9A854ADF7B /* pre_tool_use.json */ = {isa = PBXFileReference; explicitFileType = text.json; name = pre_tool_use.json; path = "logs/49e88f37-4218-417c-8102-f47844b2aaa9/pre_tool_use.json"; sourceTree = SOURCE_ROOT; };
		80F4D852C45EAAE2CCEAD599 /* chat.json */ = {isa = PBXFileReference; explicitFileType = text.json; name = chat.json; path = "logs/49e88f37-4218-417c-8102-f47844b2aaa9/chat.json"; sourceTree = SOURCE_ROOT; };
		861E6EA91D22EAEEB03B21AB /* today-2026-05-25.done.md */ = {isa = PBXFileReference; explicitFileType = net.daringfireball.markdown; name = "today-2026-05-25.done.md"; path = ".remember/today-2026-05-25.done.md"; sourceTree = SOURCE_ROOT; };
		92606E599AEACB5DFD90C5B6 /* Info.plist */ = {isa = PBXFileReference; explicitFileType = text.plist; name = Info.plist; path = "Swift Deep Research.app/Contents/Resources/swift-transformers_Hub.bundle/Contents/Info.plist"; sourceTree = SOURCE_ROOT; };
		978896E5F5A6EB26379F8383 /* stop.json */ = {isa = PBXFileReference; explicitFileType = text.json; name = stop.json; path = "logs/49e88f37-4218-417c-8102-f47844b2aaa9/stop.json"; sourceTree = SOURCE_ROOT; };
		984BE9B23445B438DEB2AF31 /* subagent_stop.json */ = {isa = PBXFileReference; explicitFileType = text.json; lastKnownFileType = text.json; name = subagent_stop.json; path = "logs/6ebd926c-1962-474f-ba72-c5750a5f4e6d/subagent_stop.json"; sourceTree = SOURCE_ROOT; };
		A882EC7C1B3E712501747C03 /* LogStoreManifest.plist */ = {isa = PBXFileReference; explicitFileType = text.plist; lastKnownFileType = text.plist; name = LogStoreManifest.plist; path = build/dd/Logs/Package/LogStoreManifest.plist; sourceTree = SOURCE_ROOT; };
		C75EF9819295552714422E18 /* README.md */ = {isa = PBXFileReference; explicitFileType = net.daringfireball.markdown; path = README.md; sourceTree = SOURCE_ROOT; };
		D291438BC16BA1C93628A10C /* seekdb_sidecar.py */ = {isa = PBXFileReference; explicitFileType = text.script.python; name = seekdb_sidecar.py; path = sidecar/seekdb_sidecar.py; sourceTree = SOURCE_ROOT; };
		D3E1864782904DE8367F7E53 /* subagent_stop.json */ = {isa = PBXFileReference; explicitFileType = text.json; name = subagent_stop.json; path = "logs/49e88f37-4218-417c-8102-f47844b2aaa9/subagent_stop.json"; sourceTree = SOURCE_ROOT; };
		D8FF5BBAEE3A2B5577E9DE9E /* 6ebd926c-1962-474f-ba72-c5750a5f4e6d.json */ = {isa = PBXFileReference; explicitFileType = text.json; lastKnownFileType = text.json; name = "6ebd926c-1962-474f-ba72-c5750a5f4e6d.json"; path = ".claude/data/sessions/6ebd926c-1962-474f-ba72-c5750a5f4e6d.json"; sourceTree = SOURCE_ROOT; };
		DA5A865EA4854A9384DB5FDD /* today-2026-05-24.done.md */ = {isa = PBXFileReference; explicitFileType = net.daringfireball.markdown; name = "today-2026-05-24.done.md"; path = ".remember/today-2026-05-24.done.md"; sourceTree = SOURCE_ROOT; };
		DD0E529BF2B461B268711F8A /* last-ndc.ts */ = {isa = PBXFileReference; lastKnownFileType = sourcecode.typescript; name = "last-ndc.ts"; path = ".remember/tmp/last-ndc.ts"; sourceTree = SOURCE_ROOT; };
		E94741CBFB68B19F22E124DE /* Swift_Deep_Research.entitlements */ = {isa = PBXFileReference; explicitFileType = text.plist.entitlements; name = Swift_Deep_Research.entitlements; path = "Swift Deep Research/Swift_Deep_Research.entitlements"; sourceTree = SOURCE_ROOT; };
		EDFEF85C471C401AB1C5262F /* recent.md */ = {isa = PBXFileReference; explicitFileType = net.daringfireball.markdown; name = recent.md; path = .remember/recent.md; sourceTree = SOURCE_ROOT; };
		F6B07CFBB50BA8EE8FED95A9 /* LogStoreManifest.plist */ = {isa = PBXFileReference; explicitFileType = text.plist; lastKnownFileType = text.plist; name = LogStoreManifest.plist; path = build/dd/Logs/Localization/LogStoreManifest.plist; sourceTree = SOURCE_ROOT; };
		FB0F90EDCA1B9DD43E76C2C9 /* session_start.json */ = {isa = PBXFileReference; explicitFileType = text.json; name = session_start.json; path = logs/session_start.json; sourceTree = SOURCE_ROOT; };
		FB92200C056604907AF1BCF5 /* t5_tokenizer_config.json */ = {isa = PBXFileReference; explicitFileType = text.json; name = t5_tokenizer_config.json; path = "Swift Deep Research.app/Contents/Resources/swift-transformers_Hub.bundle/Contents/Resources/t5_tokenizer_config.json"; sourceTree = SOURCE_ROOT; };
		FCA55CF8E67028DD40B7A054 /* post_tool_use.json */ = {isa = PBXFileReference; explicitFileType = text.json; name = post_tool_use.json; path = "logs/49e88f37-4218-417c-8102-f47844b2aaa9/post_tool_use.json"; sourceTree = SOURCE_ROOT; };
/* End PBXFileReference section */

/* Begin PBXFileSystemSynchronizedRootGroup section */
		2A89B85F2D514ACF00EB12F9 /* Swift Deep Research */ = {
			isa = PBXFileSystemSynchronizedRootGroup;
			path = "Swift Deep Research";
			sourceTree = "<group>";
		};
/* End PBXFileSystemSynchronizedRootGroup section */

/* Begin PBXFrameworksBuildPhase section */
		2A89B85A2D514ACF00EB12F9 /* Frameworks */ = {
			isa = PBXFrameworksBuildPhase;
			buildActionMask = 2147483647;
			files = (
				A790CBDA2F8ED8DF000F1E4A /* Ollama in Frameworks */,
				2A8EA9C12D515B9F003DC358 /* MLX in Frameworks */,
				2A8EA9BA2D515B90003DC358 /* MLXMNIST in Frameworks */,
				A70775552FD7FA72004824B3 /* Grape in Frameworks */,
				2A8EA9B82D515B90003DC358 /* MLXLMCommon in Frameworks */,
				2A8EA9BC2D515B90003DC358 /* MLXVLM in Frameworks */,
				2A8EA9C32D515B9F003DC358 /* MLXFFT in Frameworks */,
				2A6031A42D517812001E22A9 /* SwiftSoup in Frameworks */,
				A70775532FD7FA72004824B3 /* ForceSimulation in Frameworks */,
				2A8EA9B62D515B90003DC358 /* MLXLLM in Frameworks */,
				2A8EA9C52D515B9F003DC358 /* MLXFast in Frameworks */,
				2A8EA9C72D515B9F003DC358 /* MLXLinalg in Frameworks */,
				2A8EA9CC2D515BAF003DC358 /* MarkdownUI in Frameworks */,
				2A8EA9C92D515B9F003DC358 /* MLXNN in Frameworks */,
				2A8EA9BE2D515B90003DC358 /* StableDiffusion in Frameworks */,
			);
			runOnlyForDeploymentPostprocessing = 0;
		};
/* End PBXFrameworksBuildPhase section */

/* Begin PBXGroup section */
		2A89B8542D514ACF00EB12F9 = {
			isa = PBXGroup;
			children = (
				2A89B85F2D514ACF00EB12F9 /* Swift Deep Research */,
				2A89B85E2D514ACF00EB12F9 /* Products */,
				6EEC1C6516603B8356F5B3FF /* target-graph.txt */,
				35DC20AAD76193E783A57D47 /* manifest.json */,
				66BBA5F9BF9CB0DAE650B50C /* build-request.json */,
				C75EF9819295552714422E18 /* README.md */,
				24027781C1DA419ADC55D562 /* README_zh.md */,
				00286BE6BA83A0DD4CB1A7C7 /* 49e88f37-4218-417c-8102-f47844b2aaa9.json */,
				70762D8E201AD9B12C0F68F5 /* user_prompt_submit.json */,
				7D1A2AF42442BA9A854ADF7B /* pre_tool_use.json */,
				E94741CBFB68B19F22E124DE /* Swift_Deep_Research.entitlements */,
				FCA55CF8E67028DD40B7A054 /* post_tool_use.json */,
				80F4D852C45EAAE2CCEAD599 /* chat.json */,
				978896E5F5A6EB26379F8383 /* stop.json */,
				1F27B6978244BDCDDF657620 /* now.md */,
				DD0E529BF2B461B268711F8A /* last-ndc.ts */,
				747A49591310721DF1A907D8 /* last-save.json */,
				D3E1864782904DE8367F7E53 /* subagent_stop.json */,
				4744CCC99A7F675144DEEF70 /* PLANS.md */,
				1DD38B8EF16C34AF8EC5CB8C /* feature_list.json */,
				D291438BC16BA1C93628A10C /* seekdb_sidecar.py */,
				3D483DABB0CFD842A1ECA801 /* gpt2_tokenizer_config.json */,
				2D92FF74D6A6A5AA11C28F26 /* post_tool_use.json */,
				20D171E3CB983FD4BCCFD53C /* pre_tool_use.json */,
				1D764313E164DCB57F977E30 /* Info.plist */,
				92606E599AEACB5DFD90C5B6 /* Info.plist */,
				7AD71C1A02303611B29199D8 /* Info.plist */,
				FB92200C056604907AF1BCF5 /* t5_tokenizer_config.json */,
				7CE3279B714C996592325A9B /* pre_compact.json */,
				FB0F90EDCA1B9DD43E76C2C9 /* session_start.json */,
				DA5A865EA4854A9384DB5FDD /* today-2026-05-24.done.md */,
				72A825053F245F755A535F9C /* archive.md */,
				861E6EA91D22EAEEB03B21AB /* today-2026-05-25.done.md */,
				EDFEF85C471C401AB1C5262F /* recent.md */,
				0F3E69E67027B5CB5CC3167D /* today-2026-06-07.done.md */,
				682EE24CC97960A9D5A4F91F /* today-2026-06-09.md */,
				D8FF5BBAEE3A2B5577E9DE9E /* 6ebd926c-1962-474f-ba72-c5750a5f4e6d.json */,
				1555084B3F52C3516202E305 /* pre_tool_use.json */,
				107051906A818A8BF0DE1FD9 /* post_tool_use.json */,
				984BE9B23445B438DEB2AF31 /* subagent_stop.json */,
				1ED10A258B8DC1AD32B829F7 /* LogStoreManifest.plist */,
				A882EC7C1B3E712501747C03 /* LogStoreManifest.plist */,
				11E98B82C62FD6EAF0DDC8F0 /* LogStoreManifest.plist */,
				3CA705806D4E6AB42F98DF97 /* LogStoreManifest.plist */,
				F6B07CFBB50BA8EE8FED95A9 /* LogStoreManifest.plist */,
			);
			sourceTree = "<group>";
		};
		2A89B85E2D514ACF00EB12F9 /* Products */ = {
			isa = PBXGroup;
			children = (
				2A89B85D2D514ACF00EB12F9 /* Swift Deep Research.app */,
			);
			name = Products;
			sourceTree = "<group>";
		};
/* End PBXGroup section */

/* Begin PBXNativeTarget section */
		2A89B85C2D514ACF00EB12F9 /* Swift Deep Research */ = {
			isa = PBXNativeTarget;
			buildConfigurationList = 2A89B86C2D514AD000EB12F9 /* Build configuration list for PBXNativeTarget "Swift Deep Research" */;
			buildPhases = (
				2A89B8592D514ACF00EB12F9 /* Sources */,
				2A89B85A2D514ACF00EB12F9 /* Frameworks */,
				2A89B85B2D514ACF00EB12F9 /* Resources */,
			);
			buildRules = (
			);
			dependencies = (
			);
			fileSystemSynchronizedGroups = (
				2A89B85F2D514ACF00EB12F9 /* Swift Deep Research */,
			);
			name = "Swift Deep Research";
			packageProductDependencies = (
				2A8EA9B52D515B90003DC358 /* MLXLLM */,
				2A8EA9B72D515B90003DC358 /* MLXLMCommon */,
				2A8EA9B92D515B90003DC358 /* MLXMNIST */,
				2A8EA9BB2D515B90003DC358 /* MLXVLM */,
				2A8EA9BD2D515B90003DC358 /* StableDiffusion */,
				2A8EA9C02D515B9F003DC358 /* MLX */,
				2A8EA9C22D515B9F003DC358 /* MLXFFT */,
				2A8EA9C42D515B9F003DC358 /* MLXFast */,
				2A8EA9C62D515B9F003DC358 /* MLXLinalg */,
				2A8EA9C82D515B9F003DC358 /* MLXNN */,
				2A8EA9CB2D515BAF003DC358 /* MarkdownUI */,
				2A6031A32D517812001E22A9 /* SwiftSoup */,
				A790CBD92F8ED8DF000F1E4A /* Ollama */,
				A70775522FD7FA72004824B3 /* ForceSimulation */,
				A70775542FD7FA72004824B3 /* Grape */,
			);
			productName = "Swift Deep Research";
			productReference = 2A89B85D2D514ACF00EB12F9 /* Swift Deep Research.app */;
			productType = "com.apple.product-type.application";
		};
/* End PBXNativeTarget section */

/* Begin PBXProject section */
		2A89B8552D514ACF00EB12F9 /* Project object */ = {
			isa = PBXProject;
			attributes = {
				BuildIndependentTargetsInParallel = 1;
				LastSwiftUpdateCheck = 1620;
				LastUpgradeCheck = 2630;
				TargetAttributes = {
					2A89B85C2D514ACF00EB12F9 = {
						CreatedOnToolsVersion = 16.2;
					};
				};
			};
			buildConfigurationList = 2A89B8582D514ACF00EB12F9 /* Build configuration list for PBXProject "Swift Deep Research" */;
			developmentRegion = en;
			hasScannedForEncodings = 0;
			knownRegions = (
				en,
				Base,
			);
			mainGroup = 2A89B8542D514ACF00EB12F9;
			minimizedProjectReferenceProxies = 1;
			packageReferences = (
				2A8EA9B42D515B90003DC358 /* XCRemoteSwiftPackageReference "mlx-swift-examples" */,
				2A8EA9BF2D515B9F003DC358 /* XCRemoteSwiftPackageReference "mlx-swift" */,
				2A8EA9CA2D515BAF003DC358 /* XCRemoteSwiftPackageReference "swift-markdown-ui" */,
				2A6031A22D517812001E22A9 /* XCRemoteSwiftPackageReference "SwiftSoup" */,
				A790CBD82F8ED8DF000F1E4A /* XCRemoteSwiftPackageReference "ollama-swift" */,
				A70775512FD7FA72004824B3 /* XCRemoteSwiftPackageReference "Grape" */,
			);
			preferredProjectObjectVersion = 77;
			productRefGroup = 2A89B85E2D514ACF00EB12F9 /* Products */;
			projectDirPath = "";
			projectRoot = "";
			targets = (
				2A89B85C2D514ACF00EB12F9 /* Swift Deep Research */,
			);
		};
/* End PBXProject section */

/* Begin PBXResourcesBuildPhase section */
		2A89B85B2D514ACF00EB12F9 /* Resources */ = {
			isa = PBXResourcesBuildPhase;
			buildActionMask = 2147483647;
			files = (
				DECAFB10000000000000B501 /* seekdb_sidecar.py in Resources */,
			);
			runOnlyForDeploymentPostprocessing = 0;
		};
/* End PBXResourcesBuildPhase section */

/* Begin PBXSourcesBuildPhase section */
		2A89B8592D514ACF00EB12F9 /* Sources */ = {
			isa = PBXSourcesBuildPhase;
			buildActionMask = 2147483647;
			files = (
			);
			runOnlyForDeploymentPostprocessing = 0;
		};
/* End PBXSourcesBuildPhase section */

/* Begin XCBuildConfiguration section */
		2A89B86A2D514AD000EB12F9 /* Debug */ = {
			isa = XCBuildConfiguration;
			buildSettings = {
				ALWAYS_SEARCH_USER_PATHS = NO;
				ASSETCATALOG_COMPILER_GENERATE_SWIFT_ASSET_SYMBOL_EXTENSIONS = YES;
				CLANG_ANALYZER_NONNULL = YES;
				CLANG_ANALYZER_NUMBER_OBJECT_CONVERSION = YES_AGGRESSIVE;
				CLANG_CXX_LANGUAGE_STANDARD = "gnu++20";
				CLANG_ENABLE_MODULES = YES;
				CLANG_ENABLE_OBJC_ARC = YES;
				CLANG_ENABLE_OBJC_WEAK = YES;
				CLANG_WARN_BLOCK_CAPTURE_AUTORELEASING = YES;
				CLANG_WARN_BOOL_CONVERSION = YES;
				CLANG_WARN_COMMA = YES;
				CLANG_WARN_CONSTANT_CONVERSION = YES;
				CLANG_WARN_DEPRECATED_OBJC_IMPLEMENTATIONS = YES;
				CLANG_WARN_DIRECT_OBJC_ISA_USAGE = YES_ERROR;
				CLANG_WARN_DOCUMENTATION_COMMENTS = YES;
				CLANG_WARN_EMPTY_BODY = YES;
				CLANG_WARN_ENUM_CONVERSION = YES;
				CLANG_WARN_INFINITE_RECURSION = YES;
				CLANG_WARN_INT_CONVERSION = YES;
				CLANG_WARN_NON_LITERAL_NULL_CONVERSION = YES;
				CLANG_WARN_OBJC_IMPLICIT_RETAIN_SELF = YES;
				CLANG_WARN_OBJC_LITERAL_CONVERSION = YES;
				CLANG_WARN_OBJC_ROOT_CLASS = YES_ERROR;
				CLANG_WARN_QUOTED_INCLUDE_IN_FRAMEWORK_HEADER = YES;
				CLANG_WARN_RANGE_LOOP_ANALYSIS = YES;
				CLANG_WARN_STRICT_PROTOTYPES = YES;
				CLANG_WARN_SUSPICIOUS_MOVE = YES;
				CLANG_WARN_UNGUARDED_AVAILABILITY = YES_AGGRESSIVE;
				CLANG_WARN_UNREACHABLE_CODE = YES;
				CLANG_WARN__DUPLICATE_METHOD_MATCH = YES;
				COPY_PHASE_STRIP = NO;
				DEAD_CODE_STRIPPING = YES;
				DEBUG_INFORMATION_FORMAT = dwarf;
				DEVELOPMENT_TEAM = X8AD8YC886;
				ENABLE_STRICT_OBJC_MSGSEND = YES;
				ENABLE_TESTABILITY = YES;
				ENABLE_USER_SCRIPT_SANDBOXING = NO;
				GCC_C_LANGUAGE_STANDARD = gnu17;
				GCC_DYNAMIC_NO_PIC = NO;
				GCC_NO_COMMON_BLOCKS = YES;
				GCC_OPTIMIZATION_LEVEL = 0;
				GCC_PREPROCESSOR_DEFINITIONS = (
					"DEBUG=1",
					"$(inherited)",
				);
				GCC_WARN_64_TO_32_BIT_CONVERSION = YES;
				GCC_WARN_ABOUT_RETURN_TYPE = YES_ERROR;
				GCC_WARN_UNDECLARED_SELECTOR = YES;
				GCC_WARN_UNINITIALIZED_AUTOS = YES_AGGRESSIVE;
				GCC_WARN_UNUSED_FUNCTION = YES;
				GCC_WARN_UNUSED_VARIABLE = YES;
				LOCALIZATION_PREFERS_STRING_CATALOGS = YES;
				MACOSX_DEPLOYMENT_TARGET = 26.0;
				MTL_ENABLE_DEBUG_INFO = INCLUDE_SOURCE;
				MTL_FAST_MATH = YES;
				ONLY_ACTIVE_ARCH = YES;
				SDKROOT = macosx;
				STRING_CATALOG_GENERATE_SYMBOLS = YES;
				SWIFT_ACTIVE_COMPILATION_CONDITIONS = "DEBUG $(inherited)";
				SWIFT_APPROACHABLE_CONCURRENCY = YES;
				SWIFT_OPTIMIZATION_LEVEL = "-Onone";
				SWIFT_STRICT_CONCURRENCY = complete;
			};
			name = Debug;
		};
		2A89B86B2D514AD000EB12F9 /* Release */ = {
			isa = XCBuildConfiguration;
			buildSettings = {
				ALWAYS_SEARCH_USER_PATHS = NO;
				ASSETCATALOG_COMPILER_GENERATE_SWIFT_ASSET_SYMBOL_EXTENSIONS = YES;
				CLANG_ANALYZER_NONNULL = YES;
				CLANG_ANALYZER_NUMBER_OBJECT_CONVERSION = YES_AGGRESSIVE;
				CLANG_CXX_LANGUAGE_STANDARD = "gnu++20";
				CLANG_ENABLE_MODULES = YES;
				CLANG_ENABLE_OBJC_ARC = YES;
				CLANG_ENABLE_OBJC_WEAK = YES;
				CLANG_WARN_BLOCK_CAPTURE_AUTORELEASING = YES;
				CLANG_WARN_BOOL_CONVERSION = YES;
				CLANG_WARN_COMMA = YES;
				CLANG_WARN_CONSTANT_CONVERSION = YES;
				CLANG_WARN_DEPRECATED_OBJC_IMPLEMENTATIONS = YES;
				CLANG_WARN_DIRECT_OBJC_ISA_USAGE = YES_ERROR;
				CLANG_WARN_DOCUMENTATION_COMMENTS = YES;
				CLANG_WARN_EMPTY_BODY = YES;
				CLANG_WARN_ENUM_CONVERSION = YES;
				CLANG_WARN_INFINITE_RECURSION = YES;
				CLANG_WARN_INT_CONVERSION = YES;
				CLANG_WARN_NON_LITERAL_NULL_CONVERSION = YES;
				CLANG_WARN_OBJC_IMPLICIT_RETAIN_SELF = YES;
				CLANG_WARN_OBJC_LITERAL_CONVERSION = YES;
				CLANG_WARN_OBJC_ROOT_CLASS = YES_ERROR;
				CLANG_WARN_QUOTED_INCLUDE_IN_FRAMEWORK_HEADER = YES;
				CLANG_WARN_RANGE_LOOP_ANALYSIS = YES;
				CLANG_WARN_STRICT_PROTOTYPES = YES;
				CLANG_WARN_SUSPICIOUS_MOVE = YES;
				CLANG_WARN_UNGUARDED_AVAILABILITY = YES_AGGRESSIVE;
				CLANG_WARN_UNREACHABLE_CODE = YES;
				CLANG_WARN__DUPLICATE_METHOD_MATCH = YES;
				COPY_PHASE_STRIP = NO;
				DEAD_CODE_STRIPPING = YES;
				DEBUG_INFORMATION_FORMAT = "dwarf-with-dsym";
				DEVELOPMENT_TEAM = X8AD8YC886;
				ENABLE_NS_ASSERTIONS = NO;
				ENABLE_STRICT_OBJC_MSGSEND = YES;
				ENABLE_USER_SCRIPT_SANDBOXING = NO;
				GCC_C_LANGUAGE_STANDARD = gnu17;
				GCC_NO_COMMON_BLOCKS = YES;
				GCC_WARN_64_TO_32_BIT_CONVERSION = YES;
				GCC_WARN_ABOUT_RETURN_TYPE = YES_ERROR;
				GCC_WARN_UNDECLARED_SELECTOR = YES;
				GCC_WARN_UNINITIALIZED_AUTOS = YES_AGGRESSIVE;
				GCC_WARN_UNUSED_FUNCTION = YES;
				GCC_WARN_UNUSED_VARIABLE = YES;
				LOCALIZATION_PREFERS_STRING_CATALOGS = YES;
				MACOSX_DEPLOYMENT_TARGET = 26.0;
				MTL_ENABLE_DEBUG_INFO = NO;
				MTL_FAST_MATH = YES;
				SDKROOT = macosx;
				STRING_CATALOG_GENERATE_SYMBOLS = YES;
				SWIFT_APPROACHABLE_CONCURRENCY = YES;
				SWIFT_COMPILATION_MODE = wholemodule;
				SWIFT_STRICT_CONCURRENCY = complete;
			};
			name = Release;
		};
		2A89B86D2D514AD000EB12F9 /* Debug */ = {
			isa = XCBuildConfiguration;
			buildSettings = {
				ASSETCATALOG_COMPILER_APPICON_NAME = AppIcon;
				ASSETCATALOG_COMPILER_GLOBAL_ACCENT_COLOR_NAME = AccentColor;
				CODE_SIGN_ENTITLEMENTS = "Swift Deep Research/Swift_Deep_Research.entitlements";
				"CODE_SIGN_IDENTITY[sdk=macosx*]" = "-";
				CODE_SIGN_STYLE = Automatic;
				COMBINE_HIDPI_IMAGES = YES;
				CURRENT_PROJECT_VERSION = 2;
				DEAD_CODE_STRIPPING = YES;
				DEVELOPMENT_ASSET_PATHS = "\"Swift Deep Research/Preview Content\"";
				ENABLE_APP_SANDBOX = NO;
				ENABLE_FILE_ACCESS_DOWNLOADS_FOLDER = readwrite;
				ENABLE_FILE_ACCESS_MOVIES_FOLDER = readwrite;
				ENABLE_FILE_ACCESS_MUSIC_FOLDER = readwrite;
				ENABLE_FILE_ACCESS_PICTURE_FOLDER = readwrite;
				ENABLE_HARDENED_RUNTIME = YES;
				ENABLE_INCOMING_NETWORK_CONNECTIONS = YES;
				ENABLE_OUTGOING_NETWORK_CONNECTIONS = YES;
				ENABLE_PREVIEWS = YES;
				ENABLE_USER_SELECTED_FILES = readwrite;
				EXCLUDED_SOURCE_FILE_NAMES = "chat.json pre_tool_use.json post_tool_use.json notification.json stop.json subagent_stop.json session_start.json session_end.json user_prompt_submit.json";
				GENERATE_INFOPLIST_FILE = YES;
				INFOPLIST_KEY_CFBundleDisplayName = "Swift Deep Research";
				INFOPLIST_KEY_LSApplicationCategoryType = "public.app-category.productivity";
				INFOPLIST_KEY_NSHumanReadableCopyright = "Copyright © 2026 Roger Lin. All rights reserved.";
				LD_RUNPATH_SEARCH_PATHS = (
					"$(inherited)",
					"@executable_path/../Frameworks",
				);
				MARKETING_VERSION = 2.0;
				PRODUCT_BUNDLE_IDENTIFIER = "com.linroger.Swift-Deep-Research";
				PRODUCT_NAME = "$(TARGET_NAME)";
				SWIFT_EMIT_LOC_STRINGS = YES;
				SWIFT_VERSION = 6.0;
			};
			name = Debug;
		};
		2A89B86E2D514AD000EB12F9 /* Release */ = {
			isa = XCBuildConfiguration;
			buildSettings = {
				ASSETCATALOG_COMPILER_APPICON_NAME = AppIcon;
				ASSETCATALOG_COMPILER_GLOBAL_ACCENT_COLOR_NAME = AccentColor;
				CODE_SIGN_ENTITLEMENTS = "Swift Deep Research/Swift_Deep_Research.entitlements";
				"CODE_SIGN_IDENTITY[sdk=macosx*]" = "-";
				CODE_SIGN_STYLE = Automatic;
				COMBINE_HIDPI_IMAGES = YES;
				CURRENT_PROJECT_VERSION = 2;
				DEAD_CODE_STRIPPING = YES;
				DEVELOPMENT_ASSET_PATHS = "\"Swift Deep Research/Preview Content\"";
				ENABLE_APP_SANDBOX = NO;
				ENABLE_FILE_ACCESS_DOWNLOADS_FOLDER = readwrite;
				ENABLE_FILE_ACCESS_MOVIES_FOLDER = readwrite;
				ENABLE_FILE_ACCESS_MUSIC_FOLDER = readwrite;
				ENABLE_FILE_ACCESS_PICTURE_FOLDER = readwrite;
				ENABLE_HARDENED_RUNTIME = YES;
				ENABLE_INCOMING_NETWORK_CONNECTIONS = YES;
				ENABLE_OUTGOING_NETWORK_CONNECTIONS = YES;
				ENABLE_PREVIEWS = YES;
				ENABLE_USER_SELECTED_FILES = readwrite;
				EXCLUDED_SOURCE_FILE_NAMES = "chat.json pre_tool_use.json post_tool_use.json notification.json stop.json subagent_stop.json session_start.json session_end.json user_prompt_submit.json";
				GENERATE_INFOPLIST_FILE = YES;
				INFOPLIST_KEY_CFBundleDisplayName = "Swift Deep Research";
				INFOPLIST_KEY_LSApplicationCategoryType = "public.app-category.productivity";
				INFOPLIST_KEY_NSHumanReadableCopyright = "Copyright © 2026 Roger Lin. All rights reserved.";
				LD_RUNPATH_SEARCH_PATHS = (
					"$(inherited)",
					"@executable_path/../Frameworks",
				);
				MARKETING_VERSION = 2.0;
				PRODUCT_BUNDLE_IDENTIFIER = "com.linroger.Swift-Deep-Research";
				PRODUCT_NAME = "$(TARGET_NAME)";
				SWIFT_EMIT_LOC_STRINGS = YES;
				SWIFT_VERSION = 6.0;
			};
			name = Release;
		};
/* End XCBuildConfiguration section */

/* Begin XCConfigurationList section */
		2A89B8582D514ACF00EB12F9 /* Build configuration list for PBXProject "Swift Deep Research" */ = {
			isa = XCConfigurationList;
			buildConfigurations = (
				2A89B86A2D514AD000EB12F9 /* Debug */,
				2A89B86B2D514AD000EB12F9 /* Release */,
			);
			defaultConfigurationIsVisible = 0;
			defaultConfigurationName = Release;
		};
		2A89B86C2D514AD000EB12F9 /* Build configuration list for PBXNativeTarget "Swift Deep Research" */ = {
			isa = XCConfigurationList;
			buildConfigurations = (
				2A89B86D2D514AD000EB12F9 /* Debug */,
				2A89B86E2D514AD000EB12F9 /* Release */,
			);
			defaultConfigurationIsVisible = 0;
			defaultConfigurationName = Release;
		};
/* End XCConfigurationList section */

/* Begin XCRemoteSwiftPackageReference section */
		2A6031A22D517812001E22A9 /* XCRemoteSwiftPackageReference "SwiftSoup" */ = {
			isa = XCRemoteSwiftPackageReference;
			repositoryURL = "https://github.com/scinfu/SwiftSoup.git";
			requirement = {
				kind = upToNextMajorVersion;
				minimumVersion = 2.7.7;
			};
		};
		2A8EA9B42D515B90003DC358 /* XCRemoteSwiftPackageReference "mlx-swift-examples" */ = {
			isa = XCRemoteSwiftPackageReference;
			repositoryURL = "https://github.com/ml-explore/mlx-swift-examples/";
			requirement = {
				kind = upToNextMajorVersion;
				minimumVersion = 2.21.2;
			};
		};
		2A8EA9BF2D515B9F003DC358 /* XCRemoteSwiftPackageReference "mlx-swift" */ = {
			isa = XCRemoteSwiftPackageReference;
			repositoryURL = "https://github.com/ml-explore/mlx-swift";
			requirement = {
				kind = upToNextMajorVersion;
				minimumVersion = 0.21.2;
			};
		};
		2A8EA9CA2D515BAF003DC358 /* XCRemoteSwiftPackageReference "swift-markdown-ui" */ = {
			isa = XCRemoteSwiftPackageReference;
			repositoryURL = "https://github.com/gonzalezreal/swift-markdown-ui";
			requirement = {
				kind = upToNextMajorVersion;
				minimumVersion = 2.4.1;
			};
		};
		A70775512FD7FA72004824B3 /* XCRemoteSwiftPackageReference "Grape" */ = {
			isa = XCRemoteSwiftPackageReference;
			repositoryURL = "https://github.com/SwiftGraphs/Grape.git";
			requirement = {
				kind = upToNextMajorVersion;
				minimumVersion = 1.1.0;
			};
		};
		A790CBD82F8ED8DF000F1E4A /* XCRemoteSwiftPackageReference "ollama-swift" */ = {
			isa = XCRemoteSwiftPackageReference;
			repositoryURL = "https://github.com/mattt/ollama-swift.git";
			requirement = {
				kind = upToNextMajorVersion;
				minimumVersion = 1.8.0;
			};
		};
/* End XCRemoteSwiftPackageReference section */

/* Begin XCSwiftPackageProductDependency section */
		2A6031A32D517812001E22A9 /* SwiftSoup */ = {
			isa = XCSwiftPackageProductDependency;
			package = 2A6031A22D517812001E22A9 /* XCRemoteSwiftPackageReference "SwiftSoup" */;
			productName = SwiftSoup;
		};
		2A8EA9B52D515B90003DC358 /* MLXLLM */ = {
			isa = XCSwiftPackageProductDependency;
			package = 2A8EA9B42D515B90003DC358 /* XCRemoteSwiftPackageReference "mlx-swift-examples" */;
			productName = MLXLLM;
		};
		2A8EA9B72D515B90003DC358 /* MLXLMCommon */ = {
			isa = XCSwiftPackageProductDependency;
			package = 2A8EA9B42D515B90003DC358 /* XCRemoteSwiftPackageReference "mlx-swift-examples" */;
			productName = MLXLMCommon;
		};
		2A8EA9B92D515B90003DC358 /* MLXMNIST */ = {
			isa = XCSwiftPackageProductDependency;
			package = 2A8EA9B42D515B90003DC358 /* XCRemoteSwiftPackageReference "mlx-swift-examples" */;
			productName = MLXMNIST;
		};
		2A8EA9BB2D515B90003DC358 /* MLXVLM */ = {
			isa = XCSwiftPackageProductDependency;
			package = 2A8EA9B42D515B90003DC358 /* XCRemoteSwiftPackageReference "mlx-swift-examples" */;
			productName = MLXVLM;
		};
		2A8EA9BD2D515B90003DC358 /* StableDiffusion */ = {
			isa = XCSwiftPackageProductDependency;
			package = 2A8EA9B42D515B90003DC358 /* XCRemoteSwiftPackageReference "mlx-swift-examples" */;
			productName = StableDiffusion;
		};
		2A8EA9C02D515B9F003DC358 /* MLX */ = {
			isa = XCSwiftPackageProductDependency;
			package = 2A8EA9BF2D515B9F003DC358 /* XCRemoteSwiftPackageReference "mlx-swift" */;
			productName = MLX;
		};
		2A8EA9C22D515B9F003DC358 /* MLXFFT */ = {
			isa = XCSwiftPackageProductDependency;
			package = 2A8EA9BF2D515B9F003DC358 /* XCRemoteSwiftPackageReference "mlx-swift" */;
			productName = MLXFFT;
		};
		2A8EA9C42D515B9F003DC358 /* MLXFast */ = {
			isa = XCSwiftPackageProductDependency;
			package = 2A8EA9BF2D515B9F003DC358 /* XCRemoteSwiftPackageReference "mlx-swift" */;
			productName = MLXFast;
		};
		2A8EA9C62D515B9F003DC358 /* MLXLinalg */ = {
			isa = XCSwiftPackageProductDependency;
			package = 2A8EA9BF2D515B9F003DC358 /* XCRemoteSwiftPackageReference "mlx-swift" */;
			productName = MLXLinalg;
		};
		2A8EA9C82D515B9F003DC358 /* MLXNN */ = {
			isa = XCSwiftPackageProductDependency;
			package = 2A8EA9BF2D515B9F003DC358 /* XCRemoteSwiftPackageReference "mlx-swift" */;
			productName = MLXNN;
		};
		2A8EA9CB2D515BAF003DC358 /* MarkdownUI */ = {
			isa = XCSwiftPackageProductDependency;
			package = 2A8EA9CA2D515BAF003DC358 /* XCRemoteSwiftPackageReference "swift-markdown-ui" */;
			productName = MarkdownUI;
		};
		A70775522FD7FA72004824B3 /* ForceSimulation */ = {
			isa = XCSwiftPackageProductDependency;
			package = A70775512FD7FA72004824B3 /* XCRemoteSwiftPackageReference "Grape" */;
			productName = ForceSimulation;
		};
		A70775542FD7FA72004824B3 /* Grape */ = {
			isa = XCSwiftPackageProductDependency;
			package = A70775512FD7FA72004824B3 /* XCRemoteSwiftPackageReference "Grape" */;
			productName = Grape;
		};
		A790CBD92F8ED8DF000F1E4A /* Ollama */ = {
			isa = XCSwiftPackageProductDependency;
			package = A790CBD82F8ED8DF000F1E4A /* XCRemoteSwiftPackageReference "ollama-swift" */;
			productName = Ollama;
		};
/* End XCSwiftPackageProductDependency section */
	};
	rootObject = 2A89B8552D514ACF00EB12F9 /* Project object */;
}
