// !$*UTF8*$!
{
	archiveVersion = 1;
	classes = {
	};
	objectVersion = 77;
	objects = {

/* Begin PBXBuildFile section */
		0212FB84415DC6108844CFED /* Agent.swift in Sources */ = {isa = PBXBuildFile; fileRef = 29A0B2DB54F87AFA1773E5B0 /* Agent.swift */; };
		02211C2098C7449E77978E1D /* Agent.swift in Sources */ = {isa = PBXBuildFile; fileRef = 29A0B2DB54F87AFA1773E5B0 /* Agent.swift */; };
		04CB78C8AE3208075B05E0AF /* OllamaProvider.swift in Sources */ = {isa = PBXBuildFile; fileRef = D4C76F37F12412FED726E3C2 /* OllamaProvider.swift */; };
		0889F2CAF62C93BD31CC466B /* OllamaProvider.swift in Sources */ = {isa = PBXBuildFile; fileRef = D4C76F37F12412FED726E3C2 /* OllamaProvider.swift */; };
		0B744AA13B79C20B369A77AA /* OllamaProvider.swift in Sources */ = {isa = PBXBuildFile; fileRef = D4C76F37F12412FED726E3C2 /* OllamaProvider.swift */; };
		0BFB2BB071310F426203084F /* OllamaProvider.swift in Sources */ = {isa = PBXBuildFile; fileRef = D4C76F37F12412FED726E3C2 /* OllamaProvider.swift */; };
		0F4FB1781A36F7823BB6984A /* Agent.swift in Sources */ = {isa = PBXBuildFile; fileRef = 29A0B2DB54F87AFA1773E5B0 /* Agent.swift */; };
		13EEB92ACC5172BC281E0F60 /* Swift_Deep_ResearchApp.swift in Sources */ = {isa = PBXBuildFile; fileRef = 0EEFD194849DBA853D5D8D38 /* Swift_Deep_ResearchApp.swift */; };
		1A7D66506A125E423DBCC4B9 /* OllamaProvider.swift in Sources */ = {isa = PBXBuildFile; fileRef = D4C76F37F12412FED726E3C2 /* OllamaProvider.swift */; };
		1F18F63EBEF947C5B7887BB3 /* Agent.swift in Sources */ = {isa = PBXBuildFile; fileRef = 29A0B2DB54F87AFA1773E5B0 /* Agent.swift */; };
		203E86018C385544F20F0941 /* OllamaProvider.swift in Sources */ = {isa = PBXBuildFile; fileRef = D4C76F37F12412FED726E3C2 /* OllamaProvider.swift */; };
		2070A8987547D883CAF86551 /* Agent.swift in Sources */ = {isa = PBXBuildFile; fileRef = 29A0B2DB54F87AFA1773E5B0 /* Agent.swift */; };
		20901E4AFB3D5B1C98849EC7 /* ChatView.swift in Sources */ = {isa = PBXBuildFile; fileRef = 8818DC2421F6BE5DA9D48E93 /* ChatView.swift */; };
		2523F87EAC9595EDC98C9CD7 /* OllamaProvider.swift in Sources */ = {isa = PBXBuildFile; fileRef = D4C76F37F12412FED726E3C2 /* OllamaProvider.swift */; };
		2A6031A42D517812001E22A9 /* SwiftSoup in Frameworks */ = {isa = PBXBuildFile; productRef = 2A6031A32D517812001E22A9 /* SwiftSoup */; };
		2A8EA9B62D515B90003DC358 /* MLXLLM in Frameworks */ = {isa = PBXBuildFile; productRef = 2A8EA9B52D515B90003DC358 /* MLXLLM */; };
		2A8EA9B82D515B90003DC358 /* MLXLMCommon in Frameworks */ = {isa = PBXBuildFile; productRef = 2A8EA9B72D515B90003DC358 /* MLXLMCommon */; };
		2A8EA9BA2D515B90003DC358 /* MLXMNIST in Frameworks */ = {isa = PBXBuildFile; productRef = 2A8EA9B92D515B90003DC358 /* MLXMNIST */; };
		2A8EA9BC2D515B90003DC358 /* MLXVLM in Frameworks */ = {isa = PBXBuildFile; productRef = 2A8EA9BB2D515B90003DC358 /* MLXVLM */; };
		2A8EA9BE2D515B90003DC358 /* StableDiffusion in Frameworks */ = {isa = PBXBuildFile; productRef = 2A8EA9BD2D515B90003DC358 /* StableDiffusion */; };
		2A8EA9C12D515B9F003DC358 /* MLX in Frameworks */ = {isa = PBXBuildFile; productRef = 2A8EA9C02D515B9F003DC358 /* MLX */; };
		2A8EA9C32D515B9F003DC358 /* MLXFFT in Frameworks */ = {isa = PBXBuildFile; productRef = 2A8EA9C22D515B9F003DC358 /* MLXFFT */; };
		2A8EA9C52D515B9F003DC358 /* MLXFast in Frameworks */ = {isa = PBXBuildFile; productRef = 2A8EA9C42D515B9F003DC358 /* MLXFast */; };
		2A8EA9C72D515B9F003DC358 /* MLXLinalg in Frameworks */ = {isa = PBXBuildFile; productRef = 2A8EA9C62D515B9F003DC358 /* MLXLinalg */; };
		2A8EA9C92D515B9F003DC358 /* MLXNN in Frameworks */ = {isa = PBXBuildFile; productRef = 2A8EA9C82D515B9F003DC358 /* MLXNN */; };
		2A8EA9CC2D515BAF003DC358 /* MarkdownUI in Frameworks */ = {isa = PBXBuildFile; productRef = 2A8EA9CB2D515BAF003DC358 /* MarkdownUI */; };
		2D570BC02248ABF65C4FD21E /* SettingsView.swift in Sources */ = {isa = PBXBuildFile; fileRef = 625972248143F9682CE02BDC /* SettingsView.swift */; };
		3315424740805D4F4C2E4B9A /* Agent.swift in Sources */ = {isa = PBXBuildFile; fileRef = 29A0B2DB54F87AFA1773E5B0 /* Agent.swift */; };
		42DE365F3F1B6C2B2620DB17 /* MemoryListView.swift in Sources */ = {isa = PBXBuildFile; fileRef = 785AA0055FC74A028EF2FA2C /* MemoryListView.swift */; };
		451D45A171E0DF65457C95FD /* OllamaProvider.swift in Sources */ = {isa = PBXBuildFile; fileRef = D4C76F37F12412FED726E3C2 /* OllamaProvider.swift */; };
		48E7DE577CD80EE9E4554DAD /* ResearchStepsView.swift in Sources */ = {isa = PBXBuildFile; fileRef = 51CDD2D248675F1CC3D23693 /* ResearchStepsView.swift */; };
		4E2E0A1BA8CC1A06EE1871D3 /* AppSettings.swift in Sources */ = {isa = PBXBuildFile; fileRef = F9E7FB4A436481028C3F90A0 /* AppSettings.swift */; };
		54F3C4C7FD86CDDB7BFCDEBF /* ResearchStepsView.swift in Sources */ = {isa = PBXBuildFile; fileRef = 51CDD2D248675F1CC3D23693 /* ResearchStepsView.swift */; };
		5698765D61686963FF099A79 /* OllamaProvider.swift in Sources */ = {isa = PBXBuildFile; fileRef = D4C76F37F12412FED726E3C2 /* OllamaProvider.swift */; };
		56BCBC3583B040BAE00893A3 /* Agent.swift in Sources */ = {isa = PBXBuildFile; fileRef = 29A0B2DB54F87AFA1773E5B0 /* Agent.swift */; };
		60CBD5BE89427BF05A17AB50 /* OllamaProvider.swift in Sources */ = {isa = PBXBuildFile; fileRef = D4C76F37F12412FED726E3C2 /* OllamaProvider.swift */; };
		63C90B92273C38339CBED02A /* OllamaProvider.swift in Sources */ = {isa = PBXBuildFile; fileRef = D4C76F37F12412FED726E3C2 /* OllamaProvider.swift */; };
		65A2D26706C9329E859DFA5C /* OllamaProvider.swift in Sources */ = {isa = PBXBuildFile; fileRef = D4C76F37F12412FED726E3C2 /* OllamaProvider.swift */; };
		66ABE12D8999B706B916411A /* Agent.swift in Sources */ = {isa = PBXBuildFile; fileRef = 29A0B2DB54F87AFA1773E5B0 /* Agent.swift */; };
		6727E9AC7B1581FF3DD49625 /* OllamaProvider.swift in Sources */ = {isa = PBXBuildFile; fileRef = D4C76F37F12412FED726E3C2 /* OllamaProvider.swift */; };
		6850C6910435E6918D19E21F /* AppSettings.swift in Sources */ = {isa = PBXBuildFile; fileRef = F9E7FB4A436481028C3F90A0 /* AppSettings.swift */; };
		6BCAC272C39CF431585AD1B0 /* Conversation.swift in Sources */ = {isa = PBXBuildFile; fileRef = 082E7B21578C1BA4C45CCD65 /* Conversation.swift */; };
		6F9E3591B326D297C5BE3095 /* Memory.swift in Sources */ = {isa = PBXBuildFile; fileRef = 9BE7A2F3EBD1EB64D72C48AB /* Memory.swift */; };
		78C2F1F622219ABCA78125E0 /* ChatView.swift in Sources */ = {isa = PBXBuildFile; fileRef = 8818DC2421F6BE5DA9D48E93 /* ChatView.swift */; };
		78E34C92C2008EDD34DB6BED /* Agent.swift in Sources */ = {isa = PBXBuildFile; fileRef = 29A0B2DB54F87AFA1773E5B0 /* Agent.swift */; };
		7BCA4597248FF2B0DEFE644A /* AppSettings.swift in Sources */ = {isa = PBXBuildFile; fileRef = F9E7FB4A436481028C3F90A0 /* AppSettings.swift */; };
		808D14DAC42345007289FAF5 /* ChatView.swift in Sources */ = {isa = PBXBuildFile; fileRef = 8818DC2421F6BE5DA9D48E93 /* ChatView.swift */; };
		856D5B011F37F3B9A8F95CB7 /* OllamaProvider.swift in Sources */ = {isa = PBXBuildFile; fileRef = D4C76F37F12412FED726E3C2 /* OllamaProvider.swift */; };
		8CC3E4EA87075FE46C821CA3 /* AppSettings.swift in Sources */ = {isa = PBXBuildFile; fileRef = F9E7FB4A436481028C3F90A0 /* AppSettings.swift */; };
		91DD97BC3D1798FC0C18B2A2 /* Appstate.swift in Sources */ = {isa = PBXBuildFile; fileRef = DEE6A8D2BB93EC90EDB2FEAE /* Appstate.swift */; };
		92A7A41C5E0C443CDD2F8E07 /* ChatBubbleView.swift in Sources */ = {isa = PBXBuildFile; fileRef = A4D703B49926B3F6B664E0F2 /* ChatBubbleView.swift */; };
		936932A045D6B081C5B19C0F /* ChatMessage.swift in Sources */ = {isa = PBXBuildFile; fileRef = F925717455AD67BBB8BD439A /* ChatMessage.swift */; };
		97E6136786FAB431E1A5225E /* ResearchStepsView.swift in Sources */ = {isa = PBXBuildFile; fileRef = 51CDD2D248675F1CC3D23693 /* ResearchStepsView.swift */; };
		98D2E46B00EDA3FFDF7FE225 /* OllamaProvider.swift in Sources */ = {isa = PBXBuildFile; fileRef = D4C76F37F12412FED726E3C2 /* OllamaProvider.swift */; };
		A05D797976D31D9E66407725 /* Agent.swift in Sources */ = {isa = PBXBuildFile; fileRef = 29A0B2DB54F87AFA1773E5B0 /* Agent.swift */; };
		A2DCAA23491E6694AEF84600 /* ChatView.swift in Sources */ = {isa = PBXBuildFile; fileRef = 8818DC2421F6BE5DA9D48E93 /* ChatView.swift */; };
		A790CBDA2F8ED8DF000F1E4A /* Ollama in Frameworks */ = {isa = PBXBuildFile; productRef = A790CBD92F8ED8DF000F1E4A /* Ollama */; };
		AE0C55ECADA967621D1A4732 /* Agent.swift in Sources */ = {isa = PBXBuildFile; fileRef = 29A0B2DB54F87AFA1773E5B0 /* Agent.swift */; };
		AE3CCC74FD91E64429054B4C /* ResearchStepsView.swift in Sources */ = {isa = PBXBuildFile; fileRef = 51CDD2D248675F1CC3D23693 /* ResearchStepsView.swift */; };
		AF56736BFC067705C68CC4FE /* OllamaProvider.swift in Sources */ = {isa = PBXBuildFile; fileRef = D4C76F37F12412FED726E3C2 /* OllamaProvider.swift */; };
		AF980CF15FBD7DA7A4B6F563 /* Conversation.swift in Sources */ = {isa = PBXBuildFile; fileRef = 082E7B21578C1BA4C45CCD65 /* Conversation.swift */; };
		B355F8EEAB3EA0370F364468 /* ChatView.swift in Sources */ = {isa = PBXBuildFile; fileRef = 8818DC2421F6BE5DA9D48E93 /* ChatView.swift */; };
		B613188AC4B9792D700FE8FE /* OllamaProvider.swift in Sources */ = {isa = PBXBuildFile; fileRef = D4C76F37F12412FED726E3C2 /* OllamaProvider.swift */; };
		C532B21DBE23D0F902CCAA2A /* OllamaProvider.swift in Sources */ = {isa = PBXBuildFile; fileRef = D4C76F37F12412FED726E3C2 /* OllamaProvider.swift */; };
		C71CE02DDE847D668A091C6D /* ChatViewModel.swift in Sources */ = {isa = PBXBuildFile; fileRef = D63CAD0FAA0FDF101FB9125F /* ChatViewModel.swift */; };
		CAE279FB13A3A08EBC651E91 /* Agent.swift in Sources */ = {isa = PBXBuildFile; fileRef = 29A0B2DB54F87AFA1773E5B0 /* Agent.swift */; };
		CF3C7880D512DBE570331896 /* PromptEditorView.swift in Sources */ = {isa = PBXBuildFile; fileRef = 6324AFDC08443DCF77B00B58 /* PromptEditorView.swift */; };
		D0E9B80302B24478CCAE1948 /* OllamaProvider.swift in Sources */ = {isa = PBXBuildFile; fileRef = D4C76F37F12412FED726E3C2 /* OllamaProvider.swift */; };
		DDD80B76573B142862491F08 /* SettingsView.swift in Sources */ = {isa = PBXBuildFile; fileRef = 625972248143F9682CE02BDC /* SettingsView.swift */; };
		E8B2458C194A91B655162556 /* AppSettings.swift in Sources */ = {isa = PBXBuildFile; fileRef = F9E7FB4A436481028C3F90A0 /* AppSettings.swift */; };
		ED21B0A4D33D7C3418D989FF /* Agent.swift in Sources */ = {isa = PBXBuildFile; fileRef = 29A0B2DB54F87AFA1773E5B0 /* Agent.swift */; };
		EDF0447FDA14A7C798C27012 /* ChatViewModel.swift in Sources */ = {isa = PBXBuildFile; fileRef = D63CAD0FAA0FDF101FB9125F /* ChatViewModel.swift */; };
		F6CA450865C0BCD65DB01AA7 /* Agent.swift in Sources */ = {isa = PBXBuildFile; fileRef = 29A0B2DB54F87AFA1773E5B0 /* Agent.swift */; };
		F8FEB1C7D79FF350DBEB4844 /* CustomPrompt.swift in Sources */ = {isa = PBXBuildFile; fileRef = DB16F6D6EBD619FBF188843A /* CustomPrompt.swift */; };
		FC723FA765E5FC5F3AEA6C02 /* SettingsView.swift in Sources */ = {isa = PBXBuildFile; fileRef = 625972248143F9682CE02BDC /* SettingsView.swift */; };
		FE2C144E36AB316C56FB954C /* Agent.swift in Sources */ = {isa = PBXBuildFile; fileRef = 29A0B2DB54F87AFA1773E5B0 /* Agent.swift */; };
/* End PBXBuildFile section */

/* Begin PBXFileReference section */
		082E7B21578C1BA4C45CCD65 /* Conversation.swift */ = {isa = PBXFileReference; explicitFileType = sourcecode.swift; name = Conversation.swift; path = "Swift Deep Research/Models/Conversation.swift"; sourceTree = SOURCE_ROOT; };
		0EEFD194849DBA853D5D8D38 /* Swift_Deep_ResearchApp.swift */ = {isa = PBXFileReference; explicitFileType = sourcecode.swift; name = Swift_Deep_ResearchApp.swift; path = "Swift Deep Research/Swift_Deep_ResearchApp.swift"; sourceTree = SOURCE_ROOT; };
		24027781C1DA419ADC55D562 /* README_zh.md */ = {isa = PBXFileReference; explicitFileType = net.daringfireball.markdown; lastKnownFileType = net.daringfireball.markdown; name = README_zh.md; path = README_zh.md; sourceTree = SOURCE_ROOT; };
		29A0B2DB54F87AFA1773E5B0 /* Agent.swift */ = {isa = PBXFileReference; explicitFileType = sourcecode.swift; name = Agent.swift; path = "Swift Deep Research/Core/Agent.swift"; sourceTree = SOURCE_ROOT; };
		2A89B85D2D514ACF00EB12F9 /* Swift Deep Research.app */ = {isa = PBXFileReference; explicitFileType = wrapper.application; includeInIndex = 0; path = "Swift Deep Research.app"; sourceTree = BUILT_PRODUCTS_DIR; };
		35DC20AAD76193E783A57D47 /* manifest.json */ = {isa = PBXFileReference; explicitFileType = text.json; name = manifest.json; path = build/XCBuildData/eddd5ebc78e95320da9489cfcf0d6c8a.xcbuilddata/manifest.json; sourceTree = SOURCE_ROOT; };
		51CDD2D248675F1CC3D23693 /* ResearchStepsView.swift */ = {isa = PBXFileReference; explicitFileType = sourcecode.swift; lastKnownFileType = sourcecode.swift; name = ResearchStepsView.swift; path = "Swift Deep Research/Views/ResearchStepsView.swift"; sourceTree = SOURCE_ROOT; };
		625972248143F9682CE02BDC /* SettingsView.swift */ = {isa = PBXFileReference; explicitFileType = sourcecode.swift; name = SettingsView.swift; path = "Swift Deep Research/Views/SettingsView.swift"; sourceTree = SOURCE_ROOT; };
		6324AFDC08443DCF77B00B58 /* PromptEditorView.swift */ = {isa = PBXFileReference; explicitFileType = sourcecode.swift; name = PromptEditorView.swift; path = "Swift Deep Research/Views/PromptEditorView.swift"; sourceTree = SOURCE_ROOT; };
		66BBA5F9BF9CB0DAE650B50C /* build-request.json */ = {isa = PBXFileReference; explicitFileType = text.json; name = "build-request.json"; path = "build/XCBuildData/eddd5ebc78e95320da9489cfcf0d6c8a.xcbuilddata/build-request.json"; sourceTree = SOURCE_ROOT; };
		6EEC1C6516603B8356F5B3FF /* target-graph.txt */ = {isa = PBXFileReference; explicitFileType = text; name = "target-graph.txt"; path = "build/XCBuildData/eddd5ebc78e95320da9489cfcf0d6c8a.xcbuilddata/target-graph.txt"; sourceTree = SOURCE_ROOT; };
		785AA0055FC74A028EF2FA2C /* MemoryListView.swift */ = {isa = PBXFileReference; explicitFileType = sourcecode.swift; name = MemoryListView.swift; path = "Swift Deep Research/Views/MemoryListView.swift"; sourceTree = SOURCE_ROOT; };
		8818DC2421F6BE5DA9D48E93 /* ChatView.swift */ = {isa = PBXFileReference; explicitFileType = sourcecode.swift; name = ChatView.swift; path = "Swift Deep Research/Views/ChatView.swift"; sourceTree = SOURCE_ROOT; };
		9BE7A2F3EBD1EB64D72C48AB /* Memory.swift */ = {isa = PBXFileReference; explicitFileType = sourcecode.swift; name = Memory.swift; path = "Swift Deep Research/Models/Memory.swift"; sourceTree = SOURCE_ROOT; };
		A4D703B49926B3F6B664E0F2 /* ChatBubbleView.swift */ = {isa = PBXFileReference; explicitFileType = sourcecode.swift; name = ChatBubbleView.swift; path = "Swift Deep Research/Views/ChatBubbleView.swift"; sourceTree = SOURCE_ROOT; };
		C75EF9819295552714422E18 /* README.md */ = {isa = PBXFileReference; explicitFileType = net.daringfireball.markdown; lastKnownFileType = net.daringfireball.markdown; name = README.md; path = README.md; sourceTree = SOURCE_ROOT; };
		D4C76F37F12412FED726E3C2 /* OllamaProvider.swift */ = {isa = PBXFileReference; explicitFileType = sourcecode.swift; name = OllamaProvider.swift; path = "Swift Deep Research/Services/OllamaProvider.swift"; sourceTree = SOURCE_ROOT; };
		D63CAD0FAA0FDF101FB9125F /* ChatViewModel.swift */ = {isa = PBXFileReference; explicitFileType = sourcecode.swift; name = ChatViewModel.swift; path = "Swift Deep Research/Views/ChatViewModel.swift"; sourceTree = SOURCE_ROOT; };
		DB16F6D6EBD619FBF188843A /* CustomPrompt.swift */ = {isa = PBXFileReference; explicitFileType = sourcecode.swift; name = CustomPrompt.swift; path = "Swift Deep Research/Models/CustomPrompt.swift"; sourceTree = SOURCE_ROOT; };
		DEE6A8D2BB93EC90EDB2FEAE /* Appstate.swift */ = {isa = PBXFileReference; explicitFileType = sourcecode.swift; name = Appstate.swift; path = "Swift Deep Research/Appstate.swift"; sourceTree = SOURCE_ROOT; };
		F925717455AD67BBB8BD439A /* ChatMessage.swift */ = {isa = PBXFileReference; explicitFileType = sourcecode.swift; name = ChatMessage.swift; path = "Swift Deep Research/Views/ChatMessage.swift"; sourceTree = SOURCE_ROOT; };
		F9E7FB4A436481028C3F90A0 /* AppSettings.swift */ = {isa = PBXFileReference; explicitFileType = sourcecode.swift; name = AppSettings.swift; path = "Swift Deep Research/Models/AppSettings.swift"; sourceTree = SOURCE_ROOT; };
/* End PBXFileReference section */

/* Begin PBXFileSystemSynchronizedRootGroup section */
		2A89B85F2D514ACF00EB12F9 /* Swift Deep Research */ = {
			isa = PBXFileSystemSynchronizedRootGroup;
			path = "Swift Deep Research";
			sourceTree = "<group>";
		};
/* End PBXFileSystemSynchronizedRootGroup section */

/* Begin PBXFrameworksBuildPhase section */
		2A89B85A2D514ACF00EB12F9 /* Frameworks */ = {
			isa = PBXFrameworksBuildPhase;
			buildActionMask = 2147483647;
			files = (
				A790CBDA2F8ED8DF000F1E4A /* Ollama in Frameworks */,
				2A8EA9C12D515B9F003DC358 /* MLX in Frameworks */,
				2A8EA9BA2D515B90003DC358 /* MLXMNIST in Frameworks */,
				2A8EA9B82D515B90003DC358 /* MLXLMCommon in Frameworks */,
				2A8EA9BC2D515B90003DC358 /* MLXVLM in Frameworks */,
				2A8EA9C32D515B9F003DC358 /* MLXFFT in Frameworks */,
				2A6031A42D517812001E22A9 /* SwiftSoup in Frameworks */,
				2A8EA9B62D515B90003DC358 /* MLXLLM in Frameworks */,
				2A8EA9C52D515B9F003DC358 /* MLXFast in Frameworks */,
				2A8EA9C72D515B9F003DC358 /* MLXLinalg in Frameworks */,
				2A8EA9CC2D515BAF003DC358 /* MarkdownUI in Frameworks */,
				2A8EA9C92D515B9F003DC358 /* MLXNN in Frameworks */,
				2A8EA9BE2D515B90003DC358 /* StableDiffusion in Frameworks */,
			);
			runOnlyForDeploymentPostprocessing = 0;
		};
/* End PBXFrameworksBuildPhase section */

/* Begin PBXGroup section */
		2A89B8542D514ACF00EB12F9 = {
			isa = PBXGroup;
			children = (
				2A89B85F2D514ACF00EB12F9 /* Swift Deep Research */,
				2A89B85E2D514ACF00EB12F9 /* Products */,
				D4C76F37F12412FED726E3C2 /* OllamaProvider.swift */,
				9BE7A2F3EBD1EB64D72C48AB /* Memory.swift */,
				DB16F6D6EBD619FBF188843A /* CustomPrompt.swift */,
				082E7B21578C1BA4C45CCD65 /* Conversation.swift */,
				F925717455AD67BBB8BD439A /* ChatMessage.swift */,
				F9E7FB4A436481028C3F90A0 /* AppSettings.swift */,
				DEE6A8D2BB93EC90EDB2FEAE /* Appstate.swift */,
				29A0B2DB54F87AFA1773E5B0 /* Agent.swift */,
				D63CAD0FAA0FDF101FB9125F /* ChatViewModel.swift */,
				625972248143F9682CE02BDC /* SettingsView.swift */,
				785AA0055FC74A028EF2FA2C /* MemoryListView.swift */,
				6324AFDC08443DCF77B00B58 /* PromptEditorView.swift */,
				8818DC2421F6BE5DA9D48E93 /* ChatView.swift */,
				A4D703B49926B3F6B664E0F2 /* ChatBubbleView.swift */,
				0EEFD194849DBA853D5D8D38 /* Swift_Deep_ResearchApp.swift */,
				6EEC1C6516603B8356F5B3FF /* target-graph.txt */,
				35DC20AAD76193E783A57D47 /* manifest.json */,
				66BBA5F9BF9CB0DAE650B50C /* build-request.json */,
				51CDD2D248675F1CC3D23693 /* ResearchStepsView.swift */,
				C75EF9819295552714422E18 /* README.md */,
				24027781C1DA419ADC55D562 /* README_zh.md */,
			);
			sourceTree = "<group>";
		};
		2A89B85E2D514ACF00EB12F9 /* Products */ = {
			isa = PBXGroup;
			children = (
				2A89B85D2D514ACF00EB12F9 /* Swift Deep Research.app */,
			);
			name = Products;
			sourceTree = "<group>";
		};
/* End PBXGroup section */

/* Begin PBXNativeTarget section */
		2A89B85C2D514ACF00EB12F9 /* Swift Deep Research */ = {
			isa = PBXNativeTarget;
			buildConfigurationList = 2A89B86C2D514AD000EB12F9 /* Build configuration list for PBXNativeTarget "Swift Deep Research" */;
			buildPhases = (
				2A89B8592D514ACF00EB12F9 /* Sources */,
				2A89B85A2D514ACF00EB12F9 /* Frameworks */,
				2A89B85B2D514ACF00EB12F9 /* Resources */,
			);
			buildRules = (
			);
			dependencies = (
			);
			fileSystemSynchronizedGroups = (
				2A89B85F2D514ACF00EB12F9 /* Swift Deep Research */,
			);
			name = "Swift Deep Research";
			packageProductDependencies = (
				2A8EA9B52D515B90003DC358 /* MLXLLM */,
				2A8EA9B72D515B90003DC358 /* MLXLMCommon */,
				2A8EA9B92D515B90003DC358 /* MLXMNIST */,
				2A8EA9BB2D515B90003DC358 /* MLXVLM */,
				2A8EA9BD2D515B90003DC358 /* StableDiffusion */,
				2A8EA9C02D515B9F003DC358 /* MLX */,
				2A8EA9C22D515B9F003DC358 /* MLXFFT */,
				2A8EA9C42D515B9F003DC358 /* MLXFast */,
				2A8EA9C62D515B9F003DC358 /* MLXLinalg */,
				2A8EA9C82D515B9F003DC358 /* MLXNN */,
				2A8EA9CB2D515BAF003DC358 /* MarkdownUI */,
				2A6031A32D517812001E22A9 /* SwiftSoup */,
				A790CBD92F8ED8DF000F1E4A /* Ollama */,
			);
			productName = "Swift Deep Research";
			productReference = 2A89B85D2D514ACF00EB12F9 /* Swift Deep Research.app */;
			productType = "com.apple.product-type.application";
		};
/* End PBXNativeTarget section */

/* Begin PBXProject section */
		2A89B8552D514ACF00EB12F9 /* Project object */ = {
			isa = PBXProject;
			attributes = {
				BuildIndependentTargetsInParallel = 1;
				LastSwiftUpdateCheck = 1620;
				LastUpgradeCheck = 1620;
				TargetAttributes = {
					2A89B85C2D514ACF00EB12F9 = {
						CreatedOnToolsVersion = 16.2;
					};
				};
			};
			buildConfigurationList = 2A89B8582D514ACF00EB12F9 /* Build configuration list for PBXProject "Swift Deep Research" */;
			developmentRegion = en;
			hasScannedForEncodings = 0;
			knownRegions = (
				en,
				Base,
			);
			mainGroup = 2A89B8542D514ACF00EB12F9;
			minimizedProjectReferenceProxies = 1;
			packageReferences = (
				2A8EA9B42D515B90003DC358 /* XCRemoteSwiftPackageReference "mlx-swift-examples" */,
				2A8EA9BF2D515B9F003DC358 /* XCRemoteSwiftPackageReference "mlx-swift" */,
				2A8EA9CA2D515BAF003DC358 /* XCRemoteSwiftPackageReference "swift-markdown-ui" */,
				2A6031A22D517812001E22A9 /* XCRemoteSwiftPackageReference "SwiftSoup" */,
				A790CBD82F8ED8DF000F1E4A /* XCRemoteSwiftPackageReference "ollama-swift" */,
			);
			preferredProjectObjectVersion = 77;
			productRefGroup = 2A89B85E2D514ACF00EB12F9 /* Products */;
			projectDirPath = "";
			projectRoot = "";
			targets = (
				2A89B85C2D514ACF00EB12F9 /* Swift Deep Research */,
			);
		};
/* End PBXProject section */

/* Begin PBXResourcesBuildPhase section */
		2A89B85B2D514ACF00EB12F9 /* Resources */ = {
			isa = PBXResourcesBuildPhase;
			buildActionMask = 2147483647;
			files = (
			);
			runOnlyForDeploymentPostprocessing = 0;
		};
/* End PBXResourcesBuildPhase section */

/* Begin PBXSourcesBuildPhase section */
		2A89B8592D514ACF00EB12F9 /* Sources */ = {
			isa = PBXSourcesBuildPhase;
			buildActionMask = 2147483647;
			files = (
				04CB78C8AE3208075B05E0AF /* OllamaProvider.swift in Sources */,
				6F9E3591B326D297C5BE3095 /* Memory.swift in Sources */,
				F8FEB1C7D79FF350DBEB4844 /* CustomPrompt.swift in Sources */,
				6BCAC272C39CF431585AD1B0 /* Conversation.swift in Sources */,
				AF980CF15FBD7DA7A4B6F563 /* Conversation.swift in Sources */,
				936932A045D6B081C5B19C0F /* ChatMessage.swift in Sources */,
				7BCA4597248FF2B0DEFE644A /* AppSettings.swift in Sources */,
				91DD97BC3D1798FC0C18B2A2 /* Appstate.swift in Sources */,
				ED21B0A4D33D7C3418D989FF /* Agent.swift in Sources */,
				A05D797976D31D9E66407725 /* Agent.swift in Sources */,
				AE0C55ECADA967621D1A4732 /* Agent.swift in Sources */,
				1F18F63EBEF947C5B7887BB3 /* Agent.swift in Sources */,
				02211C2098C7449E77978E1D /* Agent.swift in Sources */,
				EDF0447FDA14A7C798C27012 /* ChatViewModel.swift in Sources */,
				FC723FA765E5FC5F3AEA6C02 /* SettingsView.swift in Sources */,
				42DE365F3F1B6C2B2620DB17 /* MemoryListView.swift in Sources */,
				CF3C7880D512DBE570331896 /* PromptEditorView.swift in Sources */,
				DDD80B76573B142862491F08 /* SettingsView.swift in Sources */,
				808D14DAC42345007289FAF5 /* ChatView.swift in Sources */,
				92A7A41C5E0C443CDD2F8E07 /* ChatBubbleView.swift in Sources */,
				13EEB92ACC5172BC281E0F60 /* Swift_Deep_ResearchApp.swift in Sources */,
				8CC3E4EA87075FE46C821CA3 /* AppSettings.swift in Sources */,
				0889F2CAF62C93BD31CC466B /* OllamaProvider.swift in Sources */,
				60CBD5BE89427BF05A17AB50 /* OllamaProvider.swift in Sources */,
				65A2D26706C9329E859DFA5C /* OllamaProvider.swift in Sources */,
				1A7D66506A125E423DBCC4B9 /* OllamaProvider.swift in Sources */,
				B613188AC4B9792D700FE8FE /* OllamaProvider.swift in Sources */,
				C532B21DBE23D0F902CCAA2A /* OllamaProvider.swift in Sources */,
				0BFB2BB071310F426203084F /* OllamaProvider.swift in Sources */,
				0B744AA13B79C20B369A77AA /* OllamaProvider.swift in Sources */,
				D0E9B80302B24478CCAE1948 /* OllamaProvider.swift in Sources */,
				451D45A171E0DF65457C95FD /* OllamaProvider.swift in Sources */,
				203E86018C385544F20F0941 /* OllamaProvider.swift in Sources */,
				6727E9AC7B1581FF3DD49625 /* OllamaProvider.swift in Sources */,
				63C90B92273C38339CBED02A /* OllamaProvider.swift in Sources */,
				98D2E46B00EDA3FFDF7FE225 /* OllamaProvider.swift in Sources */,
				856D5B011F37F3B9A8F95CB7 /* OllamaProvider.swift in Sources */,
				2523F87EAC9595EDC98C9CD7 /* OllamaProvider.swift in Sources */,
				5698765D61686963FF099A79 /* OllamaProvider.swift in Sources */,
				AF56736BFC067705C68CC4FE /* OllamaProvider.swift in Sources */,
				78E34C92C2008EDD34DB6BED /* Agent.swift in Sources */,
				56BCBC3583B040BAE00893A3 /* Agent.swift in Sources */,
				3315424740805D4F4C2E4B9A /* Agent.swift in Sources */,
				F6CA450865C0BCD65DB01AA7 /* Agent.swift in Sources */,
				0212FB84415DC6108844CFED /* Agent.swift in Sources */,
				0F4FB1781A36F7823BB6984A /* Agent.swift in Sources */,
				FE2C144E36AB316C56FB954C /* Agent.swift in Sources */,
				2070A8987547D883CAF86551 /* Agent.swift in Sources */,
				66ABE12D8999B706B916411A /* Agent.swift in Sources */,
				CAE279FB13A3A08EBC651E91 /* Agent.swift in Sources */,
				97E6136786FAB431E1A5225E /* ResearchStepsView.swift in Sources */,
				A2DCAA23491E6694AEF84600 /* ChatView.swift in Sources */,
				6850C6910435E6918D19E21F /* AppSettings.swift in Sources */,
				4E2E0A1BA8CC1A06EE1871D3 /* AppSettings.swift in Sources */,
				E8B2458C194A91B655162556 /* AppSettings.swift in Sources */,
				2D570BC02248ABF65C4FD21E /* SettingsView.swift in Sources */,
				78C2F1F622219ABCA78125E0 /* ChatView.swift in Sources */,
				20901E4AFB3D5B1C98849EC7 /* ChatView.swift in Sources */,
				B355F8EEAB3EA0370F364468 /* ChatView.swift in Sources */,
				C71CE02DDE847D668A091C6D /* ChatViewModel.swift in Sources */,
				48E7DE577CD80EE9E4554DAD /* ResearchStepsView.swift in Sources */,
				54F3C4C7FD86CDDB7BFCDEBF /* ResearchStepsView.swift in Sources */,
				AE3CCC74FD91E64429054B4C /* ResearchStepsView.swift in Sources */,
			);
			runOnlyForDeploymentPostprocessing = 0;
		};
/* End PBXSourcesBuildPhase section */

/* Begin XCBuildConfiguration section */
		2A89B86A2D514AD000EB12F9 /* Debug */ = {
			isa = XCBuildConfiguration;
			buildSettings = {
				ALWAYS_SEARCH_USER_PATHS = NO;
				ASSETCATALOG_COMPILER_GENERATE_SWIFT_ASSET_SYMBOL_EXTENSIONS = YES;
				CLANG_ANALYZER_NONNULL = YES;
				CLANG_ANALYZER_NUMBER_OBJECT_CONVERSION = YES_AGGRESSIVE;
				CLANG_CXX_LANGUAGE_STANDARD = "gnu++20";
				CLANG_ENABLE_MODULES = YES;
				CLANG_ENABLE_OBJC_ARC = YES;
				CLANG_ENABLE_OBJC_WEAK = YES;
				CLANG_WARN_BLOCK_CAPTURE_AUTORELEASING = YES;
				CLANG_WARN_BOOL_CONVERSION = YES;
				CLANG_WARN_COMMA = YES;
				CLANG_WARN_CONSTANT_CONVERSION = YES;
				CLANG_WARN_DEPRECATED_OBJC_IMPLEMENTATIONS = YES;
				CLANG_WARN_DIRECT_OBJC_ISA_USAGE = YES_ERROR;
				CLANG_WARN_DOCUMENTATION_COMMENTS = YES;
				CLANG_WARN_EMPTY_BODY = YES;
				CLANG_WARN_ENUM_CONVERSION = YES;
				CLANG_WARN_INFINITE_RECURSION = YES;
				CLANG_WARN_INT_CONVERSION = YES;
				CLANG_WARN_NON_LITERAL_NULL_CONVERSION = YES;
				CLANG_WARN_OBJC_IMPLICIT_RETAIN_SELF = YES;
				CLANG_WARN_OBJC_LITERAL_CONVERSION = YES;
				CLANG_WARN_OBJC_ROOT_CLASS = YES_ERROR;
				CLANG_WARN_QUOTED_INCLUDE_IN_FRAMEWORK_HEADER = YES;
				CLANG_WARN_RANGE_LOOP_ANALYSIS = YES;
				CLANG_WARN_STRICT_PROTOTYPES = YES;
				CLANG_WARN_SUSPICIOUS_MOVE = YES;
				CLANG_WARN_UNGUARDED_AVAILABILITY = YES_AGGRESSIVE;
				CLANG_WARN_UNREACHABLE_CODE = YES;
				CLANG_WARN__DUPLICATE_METHOD_MATCH = YES;
				COPY_PHASE_STRIP = NO;
				DEBUG_INFORMATION_FORMAT = dwarf;
				ENABLE_STRICT_OBJC_MSGSEND = YES;
				ENABLE_TESTABILITY = YES;
				ENABLE_USER_SCRIPT_SANDBOXING = YES;
				GCC_C_LANGUAGE_STANDARD = gnu17;
				GCC_DYNAMIC_NO_PIC = NO;
				GCC_NO_COMMON_BLOCKS = YES;
				GCC_OPTIMIZATION_LEVEL = 0;
				GCC_PREPROCESSOR_DEFINITIONS = (
					"DEBUG=1",
					"$(inherited)",
				);
				GCC_WARN_64_TO_32_BIT_CONVERSION = YES;
				GCC_WARN_ABOUT_RETURN_TYPE = YES_ERROR;
				GCC_WARN_UNDECLARED_SELECTOR = YES;
				GCC_WARN_UNINITIALIZED_AUTOS = YES_AGGRESSIVE;
				GCC_WARN_UNUSED_FUNCTION = YES;
				GCC_WARN_UNUSED_VARIABLE = YES;
				LOCALIZATION_PREFERS_STRING_CATALOGS = YES;
				MACOSX_DEPLOYMENT_TARGET = 15.2;
				MTL_ENABLE_DEBUG_INFO = INCLUDE_SOURCE;
				MTL_FAST_MATH = YES;
				ONLY_ACTIVE_ARCH = YES;
				SDKROOT = macosx;
				SWIFT_ACTIVE_COMPILATION_CONDITIONS = "DEBUG $(inherited)";
				SWIFT_OPTIMIZATION_LEVEL = "-Onone";
			};
			name = Debug;
		};
		2A89B86B2D514AD000EB12F9 /* Release */ = {
			isa = XCBuildConfiguration;
			buildSettings = {
				ALWAYS_SEARCH_USER_PATHS = NO;
				ASSETCATALOG_COMPILER_GENERATE_SWIFT_ASSET_SYMBOL_EXTENSIONS = YES;
				CLANG_ANALYZER_NONNULL = YES;
				CLANG_ANALYZER_NUMBER_OBJECT_CONVERSION = YES_AGGRESSIVE;
				CLANG_CXX_LANGUAGE_STANDARD = "gnu++20";
				CLANG_ENABLE_MODULES = YES;
				CLANG_ENABLE_OBJC_ARC = YES;
				CLANG_ENABLE_OBJC_WEAK = YES;
				CLANG_WARN_BLOCK_CAPTURE_AUTORELEASING = YES;
				CLANG_WARN_BOOL_CONVERSION = YES;
				CLANG_WARN_COMMA = YES;
				CLANG_WARN_CONSTANT_CONVERSION = YES;
				CLANG_WARN_DEPRECATED_OBJC_IMPLEMENTATIONS = YES;
				CLANG_WARN_DIRECT_OBJC_ISA_USAGE = YES_ERROR;
				CLANG_WARN_DOCUMENTATION_COMMENTS = YES;
				CLANG_WARN_EMPTY_BODY = YES;
				CLANG_WARN_ENUM_CONVERSION = YES;
				CLANG_WARN_INFINITE_RECURSION = YES;
				CLANG_WARN_INT_CONVERSION = YES;
				CLANG_WARN_NON_LITERAL_NULL_CONVERSION = YES;
				CLANG_WARN_OBJC_IMPLICIT_RETAIN_SELF = YES;
				CLANG_WARN_OBJC_LITERAL_CONVERSION = YES;
				CLANG_WARN_OBJC_ROOT_CLASS = YES_ERROR;
				CLANG_WARN_QUOTED_INCLUDE_IN_FRAMEWORK_HEADER = YES;
				CLANG_WARN_RANGE_LOOP_ANALYSIS = YES;
				CLANG_WARN_STRICT_PROTOTYPES = YES;
				CLANG_WARN_SUSPICIOUS_MOVE = YES;
				CLANG_WARN_UNGUARDED_AVAILABILITY = YES_AGGRESSIVE;
				CLANG_WARN_UNREACHABLE_CODE = YES;
				CLANG_WARN__DUPLICATE_METHOD_MATCH = YES;
				COPY_PHASE_STRIP = NO;
				DEBUG_INFORMATION_FORMAT = "dwarf-with-dsym";
				ENABLE_NS_ASSERTIONS = NO;
				ENABLE_STRICT_OBJC_MSGSEND = YES;
				ENABLE_USER_SCRIPT_SANDBOXING = YES;
				GCC_C_LANGUAGE_STANDARD = gnu17;
				GCC_NO_COMMON_BLOCKS = YES;
				GCC_WARN_64_TO_32_BIT_CONVERSION = YES;
				GCC_WARN_ABOUT_RETURN_TYPE = YES_ERROR;
				GCC_WARN_UNDECLARED_SELECTOR = YES;
				GCC_WARN_UNINITIALIZED_AUTOS = YES_AGGRESSIVE;
				GCC_WARN_UNUSED_FUNCTION = YES;
				GCC_WARN_UNUSED_VARIABLE = YES;
				LOCALIZATION_PREFERS_STRING_CATALOGS = YES;
				MACOSX_DEPLOYMENT_TARGET = 15.2;
				MTL_ENABLE_DEBUG_INFO = NO;
				MTL_FAST_MATH = YES;
				SDKROOT = macosx;
				SWIFT_COMPILATION_MODE = wholemodule;
			};
			name = Release;
		};
		2A89B86D2D514AD000EB12F9 /* Debug */ = {
			isa = XCBuildConfiguration;
			buildSettings = {
				ASSETCATALOG_COMPILER_APPICON_NAME = AppIcon;
				ASSETCATALOG_COMPILER_GLOBAL_ACCENT_COLOR_NAME = AccentColor;
				CODE_SIGN_ENTITLEMENTS = "Swift Deep Research/Swift_Deep_Research.entitlements";
				"CODE_SIGN_IDENTITY[sdk=macosx*]" = "-";
				CODE_SIGN_STYLE = Automatic;
				COMBINE_HIDPI_IMAGES = YES;
				CURRENT_PROJECT_VERSION = 1;
				DEVELOPMENT_ASSET_PATHS = "\"Swift Deep Research/Preview Content\"";
				DEVELOPMENT_TEAM = X8AD8YC886;
				ENABLE_HARDENED_RUNTIME = YES;
				ENABLE_PREVIEWS = YES;
				GENERATE_INFOPLIST_FILE = YES;
				INFOPLIST_KEY_CFBundleDisplayName = "Swift Deep Research";
				INFOPLIST_KEY_NSHumanReadableCopyright = "";
				LD_RUNPATH_SEARCH_PATHS = (
					"$(inherited)",
					"@executable_path/../Frameworks",
				);
				MARKETING_VERSION = 1.0;
				PRODUCT_BUNDLE_IDENTIFIER = "com.aryamirsepasi.Swift-Deep-Research";
				PRODUCT_NAME = "$(TARGET_NAME)";
				SWIFT_EMIT_LOC_STRINGS = YES;
				SWIFT_VERSION = 5.0;
			};
			name = Debug;
		};
		2A89B86E2D514AD000EB12F9 /* Release */ = {
			isa = XCBuildConfiguration;
			buildSettings = {
				ASSETCATALOG_COMPILER_APPICON_NAME = AppIcon;
				ASSETCATALOG_COMPILER_GLOBAL_ACCENT_COLOR_NAME = AccentColor;
				CODE_SIGN_ENTITLEMENTS = "Swift Deep Research/Swift_Deep_Research.entitlements";
				"CODE_SIGN_IDENTITY[sdk=macosx*]" = "-";
				CODE_SIGN_STYLE = Automatic;
				COMBINE_HIDPI_IMAGES = YES;
				CURRENT_PROJECT_VERSION = 1;
				DEVELOPMENT_ASSET_PATHS = "\"Swift Deep Research/Preview Content\"";
				DEVELOPMENT_TEAM = X8AD8YC886;
				ENABLE_HARDENED_RUNTIME = YES;
				ENABLE_PREVIEWS = YES;
				GENERATE_INFOPLIST_FILE = YES;
				INFOPLIST_KEY_CFBundleDisplayName = "Swift Deep Research";
				INFOPLIST_KEY_NSHumanReadableCopyright = "";
				LD_RUNPATH_SEARCH_PATHS = (
					"$(inherited)",
					"@executable_path/../Frameworks",
				);
				MARKETING_VERSION = 1.0;
				PRODUCT_BUNDLE_IDENTIFIER = "com.aryamirsepasi.Swift-Deep-Research";
				PRODUCT_NAME = "$(TARGET_NAME)";
				SWIFT_EMIT_LOC_STRINGS = YES;
				SWIFT_VERSION = 5.0;
			};
			name = Release;
		};
/* End XCBuildConfiguration section */

/* Begin XCConfigurationList section */
		2A89B8582D514ACF00EB12F9 /* Build configuration list for PBXProject "Swift Deep Research" */ = {
			isa = XCConfigurationList;
			buildConfigurations = (
				2A89B86A2D514AD000EB12F9 /* Debug */,
				2A89B86B2D514AD000EB12F9 /* Release */,
			);
			defaultConfigurationIsVisible = 0;
			defaultConfigurationName = Release;
		};
		2A89B86C2D514AD000EB12F9 /* Build configuration list for PBXNativeTarget "Swift Deep Research" */ = {
			isa = XCConfigurationList;
			buildConfigurations = (
				2A89B86D2D514AD000EB12F9 /* Debug */,
				2A89B86E2D514AD000EB12F9 /* Release */,
			);
			defaultConfigurationIsVisible = 0;
			defaultConfigurationName = Release;
		};
/* End XCConfigurationList section */

/* Begin XCRemoteSwiftPackageReference section */
		2A6031A22D517812001E22A9 /* XCRemoteSwiftPackageReference "SwiftSoup" */ = {
			isa = XCRemoteSwiftPackageReference;
			repositoryURL = "https://github.com/scinfu/SwiftSoup.git";
			requirement = {
				kind = upToNextMajorVersion;
				minimumVersion = 2.7.7;
			};
		};
		2A8EA9B42D515B90003DC358 /* XCRemoteSwiftPackageReference "mlx-swift-examples" */ = {
			isa = XCRemoteSwiftPackageReference;
			repositoryURL = "https://github.com/ml-explore/mlx-swift-examples/";
			requirement = {
				kind = upToNextMajorVersion;
				minimumVersion = 2.21.2;
			};
		};
		2A8EA9BF2D515B9F003DC358 /* XCRemoteSwiftPackageReference "mlx-swift" */ = {
			isa = XCRemoteSwiftPackageReference;
			repositoryURL = "https://github.com/ml-explore/mlx-swift";
			requirement = {
				kind = upToNextMajorVersion;
				minimumVersion = 0.21.2;
			};
		};
		2A8EA9CA2D515BAF003DC358 /* XCRemoteSwiftPackageReference "swift-markdown-ui" */ = {
			isa = XCRemoteSwiftPackageReference;
			repositoryURL = "https://github.com/gonzalezreal/swift-markdown-ui";
			requirement = {
				kind = upToNextMajorVersion;
				minimumVersion = 2.4.1;
			};
		};
		A790CBD82F8ED8DF000F1E4A /* XCRemoteSwiftPackageReference "ollama-swift" */ = {
			isa = XCRemoteSwiftPackageReference;
			repositoryURL = "https://github.com/mattt/ollama-swift.git";
			requirement = {
				kind = upToNextMajorVersion;
				minimumVersion = 1.8.0;
			};
		};
/* End XCRemoteSwiftPackageReference section */

/* Begin XCSwiftPackageProductDependency section */
		2A6031A32D517812001E22A9 /* SwiftSoup */ = {
			isa = XCSwiftPackageProductDependency;
			package = 2A6031A22D517812001E22A9 /* XCRemoteSwiftPackageReference "SwiftSoup" */;
			productName = SwiftSoup;
		};
		2A8EA9B52D515B90003DC358 /* MLXLLM */ = {
			isa = XCSwiftPackageProductDependency;
			package = 2A8EA9B42D515B90003DC358 /* XCRemoteSwiftPackageReference "mlx-swift-examples" */;
			productName = MLXLLM;
		};
		2A8EA9B72D515B90003DC358 /* MLXLMCommon */ = {
			isa = XCSwiftPackageProductDependency;
			package = 2A8EA9B42D515B90003DC358 /* XCRemoteSwiftPackageReference "mlx-swift-examples" */;
			productName = MLXLMCommon;
		};
		2A8EA9B92D515B90003DC358 /* MLXMNIST */ = {
			isa = XCSwiftPackageProductDependency;
			package = 2A8EA9B42D515B90003DC358 /* XCRemoteSwiftPackageReference "mlx-swift-examples" */;
			productName = MLXMNIST;
		};
		2A8EA9BB2D515B90003DC358 /* MLXVLM */ = {
			isa = XCSwiftPackageProductDependency;
			package = 2A8EA9B42D515B90003DC358 /* XCRemoteSwiftPackageReference "mlx-swift-examples" */;
			productName = MLXVLM;
		};
		2A8EA9BD2D515B90003DC358 /* StableDiffusion */ = {
			isa = XCSwiftPackageProductDependency;
			package = 2A8EA9B42D515B90003DC358 /* XCRemoteSwiftPackageReference "mlx-swift-examples" */;
			productName = StableDiffusion;
		};
		2A8EA9C02D515B9F003DC358 /* MLX */ = {
			isa = XCSwiftPackageProductDependency;
			package = 2A8EA9BF2D515B9F003DC358 /* XCRemoteSwiftPackageReference "mlx-swift" */;
			productName = MLX;
		};
		2A8EA9C22D515B9F003DC358 /* MLXFFT */ = {
			isa = XCSwiftPackageProductDependency;
			package = 2A8EA9BF2D515B9F003DC358 /* XCRemoteSwiftPackageReference "mlx-swift" */;
			productName = MLXFFT;
		};
		2A8EA9C42D515B9F003DC358 /* MLXFast */ = {
			isa = XCSwiftPackageProductDependency;
			package = 2A8EA9BF2D515B9F003DC358 /* XCRemoteSwiftPackageReference "mlx-swift" */;
			productName = MLXFast;
		};
		2A8EA9C62D515B9F003DC358 /* MLXLinalg */ = {
			isa = XCSwiftPackageProductDependency;
			package = 2A8EA9BF2D515B9F003DC358 /* XCRemoteSwiftPackageReference "mlx-swift" */;
			productName = MLXLinalg;
		};
		2A8EA9C82D515B9F003DC358 /* MLXNN */ = {
			isa = XCSwiftPackageProductDependency;
			package = 2A8EA9BF2D515B9F003DC358 /* XCRemoteSwiftPackageReference "mlx-swift" */;
			productName = MLXNN;
		};
		2A8EA9CB2D515BAF003DC358 /* MarkdownUI */ = {
			isa = XCSwiftPackageProductDependency;
			package = 2A8EA9CA2D515BAF003DC358 /* XCRemoteSwiftPackageReference "swift-markdown-ui" */;
			productName = MarkdownUI;
		};
		A790CBD92F8ED8DF000F1E4A /* Ollama */ = {
			isa = XCSwiftPackageProductDependency;
			package = A790CBD82F8ED8DF000F1E4A /* XCRemoteSwiftPackageReference "ollama-swift" */;
			productName = Ollama;
		};
/* End XCSwiftPackageProductDependency section */
	};
	rootObject = 2A89B8552D514ACF00EB12F9 /* Project object */;
}
